PODS:
  - Alamofire (4.8.2)
  - FMDB (2.7.5):
    - FMDB/standard (= 2.7.5)
  - FMDB/standard (2.7.5)

DEPENDENCIES:
  - Alamofire (~> 4.4)
  - FMDB

SPEC REPOS:
  https://github.com/cocoapods/specs.git:
    - Alamofire
    - FMDB

SPEC CHECKSUMS:
  Alamofire: ae5c501addb7afdbb13687d7f2f722c78734c2d3
  FMDB: 2ce00b547f966261cd18927a3ddb07cb6f3db82a

PODFILE CHECKSUM: 47012f51d18e93640e10a0da9a8ff299f7e43c73

COCOAPODS: 1.6.2
